# This file is automatically @generated by Cargo.
# It is not intended for manual editing.
version = 4

[[package]]
name = "api_design_doc_comments"
version = "0.1.0"

[[package]]
name = "api_design_intro"
version = "0.1.0"

[[package]]
name = "api_design_naming"
version = "0.1.0"

[[package]]
name = "borrowing_intro"
version = "0.1.0"

[[package]]
name = "borrowing_ownership"
version = "0.1.0"

[[package]]
name = "borrowing_retain"
version = "0.1.0"

[[package]]
name = "common_traits_debug"
version = "0.1.0"

[[package]]
name = "common_traits_hash_eq"
version = "0.1.0"

[[package]]
name = "common_traits_intro"
version = "0.1.0"

[[package]]
name = "extension_traits_intro"
version = "0.1.0"

[[package]]
name = "extension_traits_iter_ext"
version = "0.1.0"

[[package]]
name = "extension_traits_str_ext"
version = "0.1.0"

[[package]]
name = "intro_welcome"
version = "0.1.0"

[[package]]
name = "newtype_encapsulation"
version = "0.1.0"

[[package]]
name = "newtype_intro"
version = "0.1.0"

[[package]]
name = "newtype_parse_dont_validate"
version = "0.1.0"

[[package]]
name = "newtype_semantic_confusion"
version = "0.1.0"

[[package]]
name = "phantom_branded"
version = "0.1.0"

[[package]]
name = "phantom_entry_ref"
version = "0.1.0"

[[package]]
name = "phantom_intro"
version = "0.1.0"

[[package]]
name = "polymorphism_format"
version = "0.1.0"

[[package]]
name = "polymorphism_intro"
version = "0.1.0"

[[package]]
name = "polymorphism_sealed"
version = "0.1.0"

[[package]]
name = "raii_borrow"
version = "0.1.0"

[[package]]
name = "raii_closure_api"
version = "0.1.0"

[[package]]
name = "raii_drop_bomb"
version = "0.1.0"

[[package]]
name = "raii_drop_guard"
version = "0.1.0"

[[package]]
name = "raii_intro"
version = "0.1.0"

[[package]]
name = "typestate_intro"
version = "0.1.0"

[[package]]
name = "typestate_transaction"
version = "0.1.0"

[[package]]
name = "typestate_writer"
version = "0.1.0"
